
Microsoft Visual Studio Solution File, Format Version 12.00
# Visual Studio Version 17
VisualStudioVersion = 17.7.34202.233
MinimumVisualStudioVersion = 10.0.40219.1
Project("{FAE04EC0-301F-11D3-BF4B-00C04F79EFBC}") = "DemoClient", "DemoClient\DemoClient.csproj", "{2DE512F7-6758-409E-A3CC-D2F8E94A4740}"
EndProject
Global
	GlobalSection(SolutionConfigurationPlatforms) = preSolution
		Debug|Any CPU = Debug|Any CPU
		Release|Any CPU = Release|Any CPU
	EndGlobalSection
	GlobalSection(ProjectConfigurationPlatforms) = postSolution
		{2DE512F7-6758-409E-A3CC-D2F8E94A4740}.Debug|Any CPU.ActiveCfg = Debug|Any CPU
		{2DE512F7-6758-409E-A3CC-D2F8E94A4740}.Debug|Any CPU.Build.0 = Debug|Any CPU
		{2DE512F7-6758-409E-A3CC-D2F8E94A4740}.Release|Any CPU.ActiveCfg = Release|Any CPU
		{2DE512F7-6758-409E-A3CC-D2F8E94A4740}.Release|Any CPU.Build.0 = Release|Any CPU
	EndGlobalSection
	GlobalSection(SolutionProperties) = preSolution
		HideSolutionNode = FALSE
	EndGlobalSection
	GlobalSection(ExtensibilityGlobals) = postSolution
		SolutionGuid = {72D17DC3-9C3C-437D-979C-E9737492D3E6}
	EndGlobalSection
EndGlobal
